
Microsoft Visual Studio Solution File, Format Version 12.00
# Visual Studio Version 16
VisualStudioVersion = 16.0.29324.140
MinimumVisualStudioVersion = 10.0.40219.1
Project("{FAE04EC0-301F-11D3-BF4B-00C04F79EFBC}") = "Inheritance_eX", "Inheritance_eX.csproj", "{E334A50F-B707-4949-93C5-61FE8F5748E6}"
EndProject
Global
	GlobalSection(SolutionConfigurationPlatforms) = preSolution
		Debug|Any CPU = Debug|Any CPU
		Release|Any CPU = Release|Any CPU
	EndGlobalSection
	GlobalSection(ProjectConfigurationPlatforms) = postSolution
		{E334A50F-B707-4949-93C5-61FE8F5748E6}.Debug|Any CPU.ActiveCfg = Debug|Any CPU
		{E334A50F-B707-4949-93C5-61FE8F5748E6}.Debug|Any CPU.Build.0 = Debug|Any CPU
		{E334A50F-B707-4949-93C5-61FE8F5748E6}.Release|Any CPU.ActiveCfg = Release|Any CPU
		{E334A50F-B707-4949-93C5-61FE8F5748E6}.Release|Any CPU.Build.0 = Release|Any CPU
	EndGlobalSection
	GlobalSection(SolutionProperties) = preSolution
		HideSolutionNode = FALSE
	EndGlobalSection
	GlobalSection(ExtensibilityGlobals) = postSolution
		SolutionGuid = {3A6BA413-7544-4DE6-9673-8F1679E73D65}
	EndGlobalSection
EndGlobal
